Microsoft Visual Studio Solution File, Format Version 12.00
Project("{9A19103F-16F7-4668-BE54-9A1E7A4F7556}") = "MSBuild.Extensions", "MSBuild.Extensions.csproj", "{0AC6DF57-B111-4537-83AB-A9DC97B81B6B}"
EndProject
Project("{2150E333-8FDC-42A3-9474-1A3956D46DE8}") = "src", "src", "{CA903757-BC49-4C65-8F8A-E40FE2FE9B5F}"
EndProject
Global
    GlobalSection(SolutionConfigurationPlatforms) = preSolution
        Local|Any CPU = Local|Any CPU
        Debug|Any CPU = Debug|Any CPU
        Staging|Any CPU = Staging|Any CPU
        Release|Any CPU = Release|Any CPU
        Testing|Any CPU = Testing|Any CPU
    EndGlobalSection
    GlobalSection(ProjectConfigurationPlatforms) = postSolution
        {0AC6DF57-B111-4537-83AB-A9DC97B81B6B}.Local|Any CPU.ActiveCfg = Local|Any CPU
        {0AC6DF57-B111-4537-83AB-A9DC97B81B6B}.Local|Any CPU.Build.0 = Local|Any CPU
        {0AC6DF57-B111-4537-83AB-A9DC97B81B6B}.Debug|Any CPU.ActiveCfg = Debug|Any CPU
        {0AC6DF57-B111-4537-83AB-A9DC97B81B6B}.Debug|Any CPU.Build.0 = Debug|Any CPU
        {0AC6DF57-B111-4537-83AB-A9DC97B81B6B}.Staging|Any CPU.ActiveCfg = Staging|Any CPU
        {0AC6DF57-B111-4537-83AB-A9DC97B81B6B}.Staging|Any CPU.Build.0 = Staging|Any CPU
        {0AC6DF57-B111-4537-83AB-A9DC97B81B6B}.Release|Any CPU.ActiveCfg = Release|Any CPU
        {0AC6DF57-B111-4537-83AB-A9DC97B81B6B}.Release|Any CPU.Build.0 = Release|Any CPU
        {0AC6DF57-B111-4537-83AB-A9DC97B81B6B}.Testing|Any CPU.ActiveCfg = Testing|Any CPU
        {0AC6DF57-B111-4537-83AB-A9DC97B81B6B}.Testing|Any CPU.Build.0 = Testing|Any CPU
    EndGlobalSection
    GlobalSection(SolutionProperties) = preSolution
        HideSolutionNode = FALSE
    EndGlobalSection
    GlobalSection(NestedProjects) = preSolution
        {0AC6DF57-B111-4537-83AB-A9DC97B81B6B} = {CA903757-BC49-4C65-8F8A-E40FE2FE9B5F}
    EndGlobalSection
    GlobalSection(ExtensibilityGlobals) = postSolution
        SolutionGuid = {4F544F62-B92A-4897-8062-7B59F64C5F7E}
    EndGlobalSection
EndGlobal
