Microsoft Visual Studio Solution File, Format Version 12.00
Project("{9A19103F-16F7-4668-BE54-9A1E7A4F7556}") = "GetCommandLineArgs", "GetCommandLineArgs.csproj", "{EE779E76-9D4C-4E24-A240-CFF4467CCBFF}"
EndProject
Project("{9A19103F-16F7-4668-BE54-9A1E7A4F7556}") = "MSBuild.Extensions", "..\MSBuild.Extensions\MSBuild.Extensions.csproj", "{121D5ABB-B4D2-4F61-9451-D748FD62CD4F}"
EndProject
Global
	GlobalSection(SolutionConfigurationPlatforms) = preSolution
		Local|Any CPU = Local|Any CPU
		Debug|Any CPU = Debug|Any CPU
		Staging|Any CPU = Staging|Any CPU
		Release|Any CPU = Release|Any CPU
		Testing|Any CPU = Testing|Any CPU
	EndGlobalSection
	GlobalSection(ProjectConfigurationPlatforms) = postSolution
		{EE779E76-9D4C-4E24-A240-CFF4467CCBFF}.Local|Any CPU.ActiveCfg = Local|Any CPU
		{EE779E76-9D4C-4E24-A240-CFF4467CCBFF}.Local|Any CPU.Build.0 = Local|Any CPU
		{EE779E76-9D4C-4E24-A240-CFF4467CCBFF}.Debug|Any CPU.ActiveCfg = Debug|Any CPU
		{EE779E76-9D4C-4E24-A240-CFF4467CCBFF}.Debug|Any CPU.Build.0 = Debug|Any CPU
		{EE779E76-9D4C-4E24-A240-CFF4467CCBFF}.Staging|Any CPU.ActiveCfg = Staging|Any CPU
		{EE779E76-9D4C-4E24-A240-CFF4467CCBFF}.Staging|Any CPU.Build.0 = Staging|Any CPU
		{EE779E76-9D4C-4E24-A240-CFF4467CCBFF}.Release|Any CPU.ActiveCfg = Release|Any CPU
		{EE779E76-9D4C-4E24-A240-CFF4467CCBFF}.Release|Any CPU.Build.0 = Release|Any CPU
		{EE779E76-9D4C-4E24-A240-CFF4467CCBFF}.Testing|Any CPU.ActiveCfg = Testing|Any CPU
		{EE779E76-9D4C-4E24-A240-CFF4467CCBFF}.Testing|Any CPU.Build.0 = Testing|Any CPU
		{121D5ABB-B4D2-4F61-9451-D748FD62CD4F}.Local|Any CPU.ActiveCfg = Local|Any CPU
		{121D5ABB-B4D2-4F61-9451-D748FD62CD4F}.Local|Any CPU.Build.0 = Local|Any CPU
		{121D5ABB-B4D2-4F61-9451-D748FD62CD4F}.Debug|Any CPU.ActiveCfg = Debug|Any CPU
		{121D5ABB-B4D2-4F61-9451-D748FD62CD4F}.Debug|Any CPU.Build.0 = Debug|Any CPU
		{121D5ABB-B4D2-4F61-9451-D748FD62CD4F}.Staging|Any CPU.ActiveCfg = Staging|Any CPU
		{121D5ABB-B4D2-4F61-9451-D748FD62CD4F}.Staging|Any CPU.Build.0 = Staging|Any CPU
		{121D5ABB-B4D2-4F61-9451-D748FD62CD4F}.Release|Any CPU.ActiveCfg = Release|Any CPU
		{121D5ABB-B4D2-4F61-9451-D748FD62CD4F}.Release|Any CPU.Build.0 = Release|Any CPU
		{121D5ABB-B4D2-4F61-9451-D748FD62CD4F}.Testing|Any CPU.ActiveCfg = Testing|Any CPU
		{121D5ABB-B4D2-4F61-9451-D748FD62CD4F}.Testing|Any CPU.Build.0 = Testing|Any CPU
	EndGlobalSection
	GlobalSection(SolutionProperties) = preSolution
		HideSolutionNode = FALSE
	EndGlobalSection
	GlobalSection(ExtensibilityGlobals) = postSolution
		SolutionGuid = {EE5A1669-E110-4A40-85D9-13D3939FABA8}
	EndGlobalSection
EndGlobal
